
Microsoft Visual Studio Solution File, Format Version 12.00
# Visual Studio 15
VisualStudioVersion = 15.0.27428.2002
MinimumVisualStudioVersion = 10.0.40219.1
Project("{FAE04EC0-301F-11D3-BF4B-00C04F79EFBC}") = "GUI", "GUI\GUI.csproj", "{B7780678-F028-42ED-ABA1-10EEB6D15CB6}"
EndProject
Project("{FAE04EC0-301F-11D3-BF4B-00C04F79EFBC}") = "Modelo", "Modelo\Modelo.csproj", "{F121DCBE-D2D9-4D5B-B674-C38E810E1D75}"
EndProject
Global
	GlobalSection(SolutionConfigurationPlatforms) = preSolution
		Debug|Any CPU = Debug|Any CPU
		Release|Any CPU = Release|Any CPU
	EndGlobalSection
	GlobalSection(ProjectConfigurationPlatforms) = postSolution
		{B7780678-F028-42ED-ABA1-10EEB6D15CB6}.Debug|Any CPU.ActiveCfg = Debug|Any CPU
		{B7780678-F028-42ED-ABA1-10EEB6D15CB6}.Debug|Any CPU.Build.0 = Debug|Any CPU
		{B7780678-F028-42ED-ABA1-10EEB6D15CB6}.Release|Any CPU.ActiveCfg = Release|Any CPU
		{B7780678-F028-42ED-ABA1-10EEB6D15CB6}.Release|Any CPU.Build.0 = Release|Any CPU
		{F121DCBE-D2D9-4D5B-B674-C38E810E1D75}.Debug|Any CPU.ActiveCfg = Debug|Any CPU
		{F121DCBE-D2D9-4D5B-B674-C38E810E1D75}.Debug|Any CPU.Build.0 = Debug|Any CPU
		{F121DCBE-D2D9-4D5B-B674-C38E810E1D75}.Release|Any CPU.ActiveCfg = Release|Any CPU
		{F121DCBE-D2D9-4D5B-B674-C38E810E1D75}.Release|Any CPU.Build.0 = Release|Any CPU
	EndGlobalSection
	GlobalSection(SolutionProperties) = preSolution
		HideSolutionNode = FALSE
	EndGlobalSection
	GlobalSection(ExtensibilityGlobals) = postSolution
		SolutionGuid = {E7B29CEF-51CA-47D5-902B-380087586CC2}
	EndGlobalSection
EndGlobal
